
Microsoft Visual Studio Solution File, Format Version 12.00
# Visual Studio Version 17
VisualStudioVersion = 17.10.35013.160
MinimumVisualStudioVersion = 10.0.40219.1
Project("{FAE04EC0-301F-11D3-BF4B-00C04F79EFBC}") = "SalesWebMvc", "SalesWebMvc\SalesWebMvc.csproj", "{C49D75CB-6EC6-451E-BC2B-8327B0B551B6}"
EndProject
Global
	GlobalSection(SolutionConfigurationPlatforms) = preSolution
		Debug|Any CPU = Debug|Any CPU
		Release|Any CPU = Release|Any CPU
	EndGlobalSection
	GlobalSection(ProjectConfigurationPlatforms) = postSolution
		{C49D75CB-6EC6-451E-BC2B-8327B0B551B6}.Debug|Any CPU.ActiveCfg = Debug|Any CPU
		{C49D75CB-6EC6-451E-BC2B-8327B0B551B6}.Debug|Any CPU.Build.0 = Debug|Any CPU
		{C49D75CB-6EC6-451E-BC2B-8327B0B551B6}.Release|Any CPU.ActiveCfg = Release|Any CPU
		{C49D75CB-6EC6-451E-BC2B-8327B0B551B6}.Release|Any CPU.Build.0 = Release|Any CPU
	EndGlobalSection
	GlobalSection(SolutionProperties) = preSolution
		HideSolutionNode = FALSE
	EndGlobalSection
	GlobalSection(ExtensibilityGlobals) = postSolution
		SolutionGuid = {F18BC062-57BC-4BAA-8329-02B55B9EBC7B}
	EndGlobalSection
EndGlobal
